Microsoft Visual Studio Solution File, Format Version 12.00
# Visual Studio 15
Project("{8BC9CEB8-8B4A-11D0-8D11-00A0C91BC942}") = "ALL_BUILD", "ALL_BUILD.vcxproj", "{73378492-8A24-3B3A-A9C2-B27BD6186228}"
	ProjectSection(ProjectDependencies) = postProject
		{F56D87DB-34AB-3480-B8B1-C01C41324C3B} = {F56D87DB-34AB-3480-B8B1-C01C41324C3B}
		{B0042903-7C9D-39DD-BEA7-23C9DEFC1E53} = {B0042903-7C9D-39DD-BEA7-23C9DEFC1E53}
		{278128BA-3E34-3CFE-8DBF-2DAD019F54D3} = {278128BA-3E34-3CFE-8DBF-2DAD019F54D3}
		{4DD2C4DB-1A20-3C20-B790-9FD54EBC99ED} = {4DD2C4DB-1A20-3C20-B790-9FD54EBC99ED}
		{C0F1932B-8717-38C5-A7CB-2BF1E9B2F44D} = {C0F1932B-8717-38C5-A7CB-2BF1E9B2F44D}
		{58327F16-BC75-386C-B524-910652A8B854} = {58327F16-BC75-386C-B524-910652A8B854}
		{06BCE617-2ADE-332E-934F-3A722B0D9946} = {06BCE617-2ADE-332E-934F-3A722B0D9946}
		{6D2E9870-3578-3DE6-884F-1507DDA60EC9} = {6D2E9870-3578-3DE6-884F-1507DDA60EC9}
		{B4377242-B39C-38D4-B9D3-75A8181B3CF9} = {B4377242-B39C-38D4-B9D3-75A8181B3CF9}
		{9A27434E-F68C-31FF-9FDB-CF154932191F} = {9A27434E-F68C-31FF-9FDB-CF154932191F}
		{308DF896-9574-30C4-821B-1320799CAE45} = {308DF896-9574-30C4-821B-1320799CAE45}
		{A11E32C2-05C8-3A56-8BD7-10A0BEFAD998} = {A11E32C2-05C8-3A56-8BD7-10A0BEFAD998}
		{5998EC74-3B2C-3186-8A59-F2E14F1C826E} = {5998EC74-3B2C-3186-8A59-F2E14F1C826E}
		{ABBF30A8-2D3C-3B6F-B98F-7C004D04D36C} = {ABBF30A8-2D3C-3B6F-B98F-7C004D04D36C}
		{AEE20746-6B9C-3EF3-9284-438A3CA9E1AC} = {AEE20746-6B9C-3EF3-9284-438A3CA9E1AC}
		{DC6CD32E-2D2F-391C-BCB3-7B1DE172D30C} = {DC6CD32E-2D2F-391C-BCB3-7B1DE172D30C}
	EndProjectSection
EndProject
Project("{8BC9CEB8-8B4A-11D0-8D11-00A0C91BC942}") = "INSTALL", "INSTALL.vcxproj", "{B1BD8F1E-8753-3985-9F25-6F01813A53E0}"
	ProjectSection(ProjectDependencies) = postProject
		{73378492-8A24-3B3A-A9C2-B27BD6186228} = {73378492-8A24-3B3A-A9C2-B27BD6186228}
		{278128BA-3E34-3CFE-8DBF-2DAD019F54D3} = {278128BA-3E34-3CFE-8DBF-2DAD019F54D3}
	EndProjectSection
EndProject
Project("{8BC9CEB8-8B4A-11D0-8D11-00A0C91BC942}") = "OGLWindow", "examples\OGLWindow.vcxproj", "{F56D87DB-34AB-3480-B8B1-C01C41324C3B}"
	ProjectSection(ProjectDependencies) = postProject
		{278128BA-3E34-3CFE-8DBF-2DAD019F54D3} = {278128BA-3E34-3CFE-8DBF-2DAD019F54D3}
		{C0F1932B-8717-38C5-A7CB-2BF1E9B2F44D} = {C0F1932B-8717-38C5-A7CB-2BF1E9B2F44D}
	EndProjectSection
EndProject
Project("{8BC9CEB8-8B4A-11D0-8D11-00A0C91BC942}") = "OpenGLSolarSystem", "examples\OpenGLSolarSystem.vcxproj", "{B0042903-7C9D-39DD-BEA7-23C9DEFC1E53}"
	ProjectSection(ProjectDependencies) = postProject
		{278128BA-3E34-3CFE-8DBF-2DAD019F54D3} = {278128BA-3E34-3CFE-8DBF-2DAD019F54D3}
		{C0F1932B-8717-38C5-A7CB-2BF1E9B2F44D} = {C0F1932B-8717-38C5-A7CB-2BF1E9B2F44D}
	EndProjectSection
EndProject
Project("{8BC9CEB8-8B4A-11D0-8D11-00A0C91BC942}") = "ZERO_CHECK", "ZERO_CHECK.vcxproj", "{278128BA-3E34-3CFE-8DBF-2DAD019F54D3}"
	ProjectSection(ProjectDependencies) = postProject
	EndProjectSection
EndProject
Project("{8BC9CEB8-8B4A-11D0-8D11-00A0C91BC942}") = "demo", "examples\demo.vcxproj", "{4DD2C4DB-1A20-3C20-B790-9FD54EBC99ED}"
	ProjectSection(ProjectDependencies) = postProject
		{278128BA-3E34-3CFE-8DBF-2DAD019F54D3} = {278128BA-3E34-3CFE-8DBF-2DAD019F54D3}
		{C0F1932B-8717-38C5-A7CB-2BF1E9B2F44D} = {C0F1932B-8717-38C5-A7CB-2BF1E9B2F44D}
	EndProjectSection
EndProject
Project("{8BC9CEB8-8B4A-11D0-8D11-00A0C91BC942}") = "fle", "fle.vcxproj", "{C0F1932B-8717-38C5-A7CB-2BF1E9B2F44D}"
	ProjectSection(ProjectDependencies) = postProject
		{278128BA-3E34-3CFE-8DBF-2DAD019F54D3} = {278128BA-3E34-3CFE-8DBF-2DAD019F54D3}
	EndProjectSection
EndProject
Project("{8BC9CEB8-8B4A-11D0-8D11-00A0C91BC942}") = "hello_world", "examples\hello_world.vcxproj", "{58327F16-BC75-386C-B524-910652A8B854}"
	ProjectSection(ProjectDependencies) = postProject
		{278128BA-3E34-3CFE-8DBF-2DAD019F54D3} = {278128BA-3E34-3CFE-8DBF-2DAD019F54D3}
		{C0F1932B-8717-38C5-A7CB-2BF1E9B2F44D} = {C0F1932B-8717-38C5-A7CB-2BF1E9B2F44D}
	EndProjectSection
EndProject
Project("{8BC9CEB8-8B4A-11D0-8D11-00A0C91BC942}") = "lighting_model_and_mesh_rendering", "examples\lighting_model_and_mesh_rendering.vcxproj", "{06BCE617-2ADE-332E-934F-3A722B0D9946}"
	ProjectSection(ProjectDependencies) = postProject
		{278128BA-3E34-3CFE-8DBF-2DAD019F54D3} = {278128BA-3E34-3CFE-8DBF-2DAD019F54D3}
		{C0F1932B-8717-38C5-A7CB-2BF1E9B2F44D} = {C0F1932B-8717-38C5-A7CB-2BF1E9B2F44D}
	EndProjectSection
EndProject
Project("{8BC9CEB8-8B4A-11D0-8D11-00A0C91BC942}") = "mainwindow_menubar", "examples\mainwindow_menubar.vcxproj", "{6D2E9870-3578-3DE6-884F-1507DDA60EC9}"
	ProjectSection(ProjectDependencies) = postProject
		{278128BA-3E34-3CFE-8DBF-2DAD019F54D3} = {278128BA-3E34-3CFE-8DBF-2DAD019F54D3}
		{C0F1932B-8717-38C5-A7CB-2BF1E9B2F44D} = {C0F1932B-8717-38C5-A7CB-2BF1E9B2F44D}
	EndProjectSection
EndProject
Project("{8BC9CEB8-8B4A-11D0-8D11-00A0C91BC942}") = "mainwindow_menubar_statusbar", "examples\mainwindow_menubar_statusbar.vcxproj", "{B4377242-B39C-38D4-B9D3-75A8181B3CF9}"
	ProjectSection(ProjectDependencies) = postProject
		{278128BA-3E34-3CFE-8DBF-2DAD019F54D3} = {278128BA-3E34-3CFE-8DBF-2DAD019F54D3}
		{C0F1932B-8717-38C5-A7CB-2BF1E9B2F44D} = {C0F1932B-8717-38C5-A7CB-2BF1E9B2F44D}
	EndProjectSection
EndProject
Project("{8BC9CEB8-8B4A-11D0-8D11-00A0C91BC942}") = "my_first_opengl_program", "examples\my_first_opengl_program.vcxproj", "{9A27434E-F68C-31FF-9FDB-CF154932191F}"
	ProjectSection(ProjectDependencies) = postProject
		{278128BA-3E34-3CFE-8DBF-2DAD019F54D3} = {278128BA-3E34-3CFE-8DBF-2DAD019F54D3}
		{C0F1932B-8717-38C5-A7CB-2BF1E9B2F44D} = {C0F1932B-8717-38C5-A7CB-2BF1E9B2F44D}
	EndProjectSection
EndProject
Project("{8BC9CEB8-8B4A-11D0-8D11-00A0C91BC942}") = "opengl_events_lights", "examples\opengl_events_lights.vcxproj", "{308DF896-9574-30C4-821B-1320799CAE45}"
	ProjectSection(ProjectDependencies) = postProject
		{278128BA-3E34-3CFE-8DBF-2DAD019F54D3} = {278128BA-3E34-3CFE-8DBF-2DAD019F54D3}
		{C0F1932B-8717-38C5-A7CB-2BF1E9B2F44D} = {C0F1932B-8717-38C5-A7CB-2BF1E9B2F44D}
	EndProjectSection
EndProject
Project("{8BC9CEB8-8B4A-11D0-8D11-00A0C91BC942}") = "opengl_events_lights_animation", "examples\opengl_events_lights_animation.vcxproj", "{A11E32C2-05C8-3A56-8BD7-10A0BEFAD998}"
	ProjectSection(ProjectDependencies) = postProject
		{278128BA-3E34-3CFE-8DBF-2DAD019F54D3} = {278128BA-3E34-3CFE-8DBF-2DAD019F54D3}
		{C0F1932B-8717-38C5-A7CB-2BF1E9B2F44D} = {C0F1932B-8717-38C5-A7CB-2BF1E9B2F44D}
	EndProjectSection
EndProject
Project("{8BC9CEB8-8B4A-11D0-8D11-00A0C91BC942}") = "opengl_hello_world", "examples\opengl_hello_world.vcxproj", "{5998EC74-3B2C-3186-8A59-F2E14F1C826E}"
	ProjectSection(ProjectDependencies) = postProject
		{278128BA-3E34-3CFE-8DBF-2DAD019F54D3} = {278128BA-3E34-3CFE-8DBF-2DAD019F54D3}
		{C0F1932B-8717-38C5-A7CB-2BF1E9B2F44D} = {C0F1932B-8717-38C5-A7CB-2BF1E9B2F44D}
	EndProjectSection
EndProject
Project("{8BC9CEB8-8B4A-11D0-8D11-00A0C91BC942}") = "opengl_point_on_a_line_simulation", "examples\opengl_point_on_a_line_simulation.vcxproj", "{ABBF30A8-2D3C-3B6F-B98F-7C004D04D36C}"
	ProjectSection(ProjectDependencies) = postProject
		{278128BA-3E34-3CFE-8DBF-2DAD019F54D3} = {278128BA-3E34-3CFE-8DBF-2DAD019F54D3}
		{C0F1932B-8717-38C5-A7CB-2BF1E9B2F44D} = {C0F1932B-8717-38C5-A7CB-2BF1E9B2F44D}
	EndProjectSection
EndProject
Project("{8BC9CEB8-8B4A-11D0-8D11-00A0C91BC942}") = "opengl_rotation_panning_zooming", "examples\opengl_rotation_panning_zooming.vcxproj", "{AEE20746-6B9C-3EF3-9284-438A3CA9E1AC}"
	ProjectSection(ProjectDependencies) = postProject
		{278128BA-3E34-3CFE-8DBF-2DAD019F54D3} = {278128BA-3E34-3CFE-8DBF-2DAD019F54D3}
		{C0F1932B-8717-38C5-A7CB-2BF1E9B2F44D} = {C0F1932B-8717-38C5-A7CB-2BF1E9B2F44D}
	EndProjectSection
EndProject
Project("{8BC9CEB8-8B4A-11D0-8D11-00A0C91BC942}") = "photo_viewer_application", "examples\photo_viewer_application.vcxproj", "{DC6CD32E-2D2F-391C-BCB3-7B1DE172D30C}"
	ProjectSection(ProjectDependencies) = postProject
		{278128BA-3E34-3CFE-8DBF-2DAD019F54D3} = {278128BA-3E34-3CFE-8DBF-2DAD019F54D3}
		{C0F1932B-8717-38C5-A7CB-2BF1E9B2F44D} = {C0F1932B-8717-38C5-A7CB-2BF1E9B2F44D}
	EndProjectSection
EndProject
Global
	GlobalSection(SolutionConfigurationPlatforms) = preSolution
		Debug|Win32 = Debug|Win32
		Release|Win32 = Release|Win32
		MinSizeRel|Win32 = MinSizeRel|Win32
		RelWithDebInfo|Win32 = RelWithDebInfo|Win32
	EndGlobalSection
	GlobalSection(ProjectConfigurationPlatforms) = postSolution
		{73378492-8A24-3B3A-A9C2-B27BD6186228}.Debug|Win32.ActiveCfg = Debug|Win32
		{73378492-8A24-3B3A-A9C2-B27BD6186228}.Debug|Win32.Build.0 = Debug|Win32
		{73378492-8A24-3B3A-A9C2-B27BD6186228}.Release|Win32.ActiveCfg = Release|Win32
		{73378492-8A24-3B3A-A9C2-B27BD6186228}.Release|Win32.Build.0 = Release|Win32
		{73378492-8A24-3B3A-A9C2-B27BD6186228}.MinSizeRel|Win32.ActiveCfg = MinSizeRel|Win32
		{73378492-8A24-3B3A-A9C2-B27BD6186228}.MinSizeRel|Win32.Build.0 = MinSizeRel|Win32
		{73378492-8A24-3B3A-A9C2-B27BD6186228}.RelWithDebInfo|Win32.ActiveCfg = RelWithDebInfo|Win32
		{73378492-8A24-3B3A-A9C2-B27BD6186228}.RelWithDebInfo|Win32.Build.0 = RelWithDebInfo|Win32
		{B1BD8F1E-8753-3985-9F25-6F01813A53E0}.Debug|Win32.ActiveCfg = Debug|Win32
		{B1BD8F1E-8753-3985-9F25-6F01813A53E0}.Release|Win32.ActiveCfg = Release|Win32
		{B1BD8F1E-8753-3985-9F25-6F01813A53E0}.MinSizeRel|Win32.ActiveCfg = MinSizeRel|Win32
		{B1BD8F1E-8753-3985-9F25-6F01813A53E0}.RelWithDebInfo|Win32.ActiveCfg = RelWithDebInfo|Win32
		{F56D87DB-34AB-3480-B8B1-C01C41324C3B}.Debug|Win32.ActiveCfg = Debug|Win32
		{F56D87DB-34AB-3480-B8B1-C01C41324C3B}.Debug|Win32.Build.0 = Debug|Win32
		{F56D87DB-34AB-3480-B8B1-C01C41324C3B}.Release|Win32.ActiveCfg = Release|Win32
		{F56D87DB-34AB-3480-B8B1-C01C41324C3B}.Release|Win32.Build.0 = Release|Win32
		{F56D87DB-34AB-3480-B8B1-C01C41324C3B}.MinSizeRel|Win32.ActiveCfg = MinSizeRel|Win32
		{F56D87DB-34AB-3480-B8B1-C01C41324C3B}.MinSizeRel|Win32.Build.0 = MinSizeRel|Win32
		{F56D87DB-34AB-3480-B8B1-C01C41324C3B}.RelWithDebInfo|Win32.ActiveCfg = RelWithDebInfo|Win32
		{F56D87DB-34AB-3480-B8B1-C01C41324C3B}.RelWithDebInfo|Win32.Build.0 = RelWithDebInfo|Win32
		{B0042903-7C9D-39DD-BEA7-23C9DEFC1E53}.Debug|Win32.ActiveCfg = Debug|Win32
		{B0042903-7C9D-39DD-BEA7-23C9DEFC1E53}.Debug|Win32.Build.0 = Debug|Win32
		{B0042903-7C9D-39DD-BEA7-23C9DEFC1E53}.Release|Win32.ActiveCfg = Release|Win32
		{B0042903-7C9D-39DD-BEA7-23C9DEFC1E53}.Release|Win32.Build.0 = Release|Win32
		{B0042903-7C9D-39DD-BEA7-23C9DEFC1E53}.MinSizeRel|Win32.ActiveCfg = MinSizeRel|Win32
		{B0042903-7C9D-39DD-BEA7-23C9DEFC1E53}.MinSizeRel|Win32.Build.0 = MinSizeRel|Win32
		{B0042903-7C9D-39DD-BEA7-23C9DEFC1E53}.RelWithDebInfo|Win32.ActiveCfg = RelWithDebInfo|Win32
		{B0042903-7C9D-39DD-BEA7-23C9DEFC1E53}.RelWithDebInfo|Win32.Build.0 = RelWithDebInfo|Win32
		{278128BA-3E34-3CFE-8DBF-2DAD019F54D3}.Debug|Win32.ActiveCfg = Debug|Win32
		{278128BA-3E34-3CFE-8DBF-2DAD019F54D3}.Debug|Win32.Build.0 = Debug|Win32
		{278128BA-3E34-3CFE-8DBF-2DAD019F54D3}.Release|Win32.ActiveCfg = Release|Win32
		{278128BA-3E34-3CFE-8DBF-2DAD019F54D3}.Release|Win32.Build.0 = Release|Win32
		{278128BA-3E34-3CFE-8DBF-2DAD019F54D3}.MinSizeRel|Win32.ActiveCfg = MinSizeRel|Win32
		{278128BA-3E34-3CFE-8DBF-2DAD019F54D3}.MinSizeRel|Win32.Build.0 = MinSizeRel|Win32
		{278128BA-3E34-3CFE-8DBF-2DAD019F54D3}.RelWithDebInfo|Win32.ActiveCfg = RelWithDebInfo|Win32
		{278128BA-3E34-3CFE-8DBF-2DAD019F54D3}.RelWithDebInfo|Win32.Build.0 = RelWithDebInfo|Win32
		{4DD2C4DB-1A20-3C20-B790-9FD54EBC99ED}.Debug|Win32.ActiveCfg = Debug|Win32
		{4DD2C4DB-1A20-3C20-B790-9FD54EBC99ED}.Debug|Win32.Build.0 = Debug|Win32
		{4DD2C4DB-1A20-3C20-B790-9FD54EBC99ED}.Release|Win32.ActiveCfg = Release|Win32
		{4DD2C4DB-1A20-3C20-B790-9FD54EBC99ED}.Release|Win32.Build.0 = Release|Win32
		{4DD2C4DB-1A20-3C20-B790-9FD54EBC99ED}.MinSizeRel|Win32.ActiveCfg = MinSizeRel|Win32
		{4DD2C4DB-1A20-3C20-B790-9FD54EBC99ED}.MinSizeRel|Win32.Build.0 = MinSizeRel|Win32
		{4DD2C4DB-1A20-3C20-B790-9FD54EBC99ED}.RelWithDebInfo|Win32.ActiveCfg = RelWithDebInfo|Win32
		{4DD2C4DB-1A20-3C20-B790-9FD54EBC99ED}.RelWithDebInfo|Win32.Build.0 = RelWithDebInfo|Win32
		{C0F1932B-8717-38C5-A7CB-2BF1E9B2F44D}.Debug|Win32.ActiveCfg = Debug|Win32
		{C0F1932B-8717-38C5-A7CB-2BF1E9B2F44D}.Debug|Win32.Build.0 = Debug|Win32
		{C0F1932B-8717-38C5-A7CB-2BF1E9B2F44D}.Release|Win32.ActiveCfg = Release|Win32
		{C0F1932B-8717-38C5-A7CB-2BF1E9B2F44D}.Release|Win32.Build.0 = Release|Win32
		{C0F1932B-8717-38C5-A7CB-2BF1E9B2F44D}.MinSizeRel|Win32.ActiveCfg = MinSizeRel|Win32
		{C0F1932B-8717-38C5-A7CB-2BF1E9B2F44D}.MinSizeRel|Win32.Build.0 = MinSizeRel|Win32
		{C0F1932B-8717-38C5-A7CB-2BF1E9B2F44D}.RelWithDebInfo|Win32.ActiveCfg = RelWithDebInfo|Win32
		{C0F1932B-8717-38C5-A7CB-2BF1E9B2F44D}.RelWithDebInfo|Win32.Build.0 = RelWithDebInfo|Win32
		{58327F16-BC75-386C-B524-910652A8B854}.Debug|Win32.ActiveCfg = Debug|Win32
		{58327F16-BC75-386C-B524-910652A8B854}.Debug|Win32.Build.0 = Debug|Win32
		{58327F16-BC75-386C-B524-910652A8B854}.Release|Win32.ActiveCfg = Release|Win32
		{58327F16-BC75-386C-B524-910652A8B854}.Release|Win32.Build.0 = Release|Win32
		{58327F16-BC75-386C-B524-910652A8B854}.MinSizeRel|Win32.ActiveCfg = MinSizeRel|Win32
		{58327F16-BC75-386C-B524-910652A8B854}.MinSizeRel|Win32.Build.0 = MinSizeRel|Win32
		{58327F16-BC75-386C-B524-910652A8B854}.RelWithDebInfo|Win32.ActiveCfg = RelWithDebInfo|Win32
		{58327F16-BC75-386C-B524-910652A8B854}.RelWithDebInfo|Win32.Build.0 = RelWithDebInfo|Win32
		{06BCE617-2ADE-332E-934F-3A722B0D9946}.Debug|Win32.ActiveCfg = Debug|Win32
		{06BCE617-2ADE-332E-934F-3A722B0D9946}.Debug|Win32.Build.0 = Debug|Win32
		{06BCE617-2ADE-332E-934F-3A722B0D9946}.Release|Win32.ActiveCfg = Release|Win32
		{06BCE617-2ADE-332E-934F-3A722B0D9946}.Release|Win32.Build.0 = Release|Win32
		{06BCE617-2ADE-332E-934F-3A722B0D9946}.MinSizeRel|Win32.ActiveCfg = MinSizeRel|Win32
		{06BCE617-2ADE-332E-934F-3A722B0D9946}.MinSizeRel|Win32.Build.0 = MinSizeRel|Win32
		{06BCE617-2ADE-332E-934F-3A722B0D9946}.RelWithDebInfo|Win32.ActiveCfg = RelWithDebInfo|Win32
		{06BCE617-2ADE-332E-934F-3A722B0D9946}.RelWithDebInfo|Win32.Build.0 = RelWithDebInfo|Win32
		{6D2E9870-3578-3DE6-884F-1507DDA60EC9}.Debug|Win32.ActiveCfg = Debug|Win32
		{6D2E9870-3578-3DE6-884F-1507DDA60EC9}.Debug|Win32.Build.0 = Debug|Win32
		{6D2E9870-3578-3DE6-884F-1507DDA60EC9}.Release|Win32.ActiveCfg = Release|Win32
		{6D2E9870-3578-3DE6-884F-1507DDA60EC9}.Release|Win32.Build.0 = Release|Win32
		{6D2E9870-3578-3DE6-884F-1507DDA60EC9}.MinSizeRel|Win32.ActiveCfg = MinSizeRel|Win32
		{6D2E9870-3578-3DE6-884F-1507DDA60EC9}.MinSizeRel|Win32.Build.0 = MinSizeRel|Win32
		{6D2E9870-3578-3DE6-884F-1507DDA60EC9}.RelWithDebInfo|Win32.ActiveCfg = RelWithDebInfo|Win32
		{6D2E9870-3578-3DE6-884F-1507DDA60EC9}.RelWithDebInfo|Win32.Build.0 = RelWithDebInfo|Win32
		{B4377242-B39C-38D4-B9D3-75A8181B3CF9}.Debug|Win32.ActiveCfg = Debug|Win32
		{B4377242-B39C-38D4-B9D3-75A8181B3CF9}.Debug|Win32.Build.0 = Debug|Win32
		{B4377242-B39C-38D4-B9D3-75A8181B3CF9}.Release|Win32.ActiveCfg = Release|Win32
		{B4377242-B39C-38D4-B9D3-75A8181B3CF9}.Release|Win32.Build.0 = Release|Win32
		{B4377242-B39C-38D4-B9D3-75A8181B3CF9}.MinSizeRel|Win32.ActiveCfg = MinSizeRel|Win32
		{B4377242-B39C-38D4-B9D3-75A8181B3CF9}.MinSizeRel|Win32.Build.0 = MinSizeRel|Win32
		{B4377242-B39C-38D4-B9D3-75A8181B3CF9}.RelWithDebInfo|Win32.ActiveCfg = RelWithDebInfo|Win32
		{B4377242-B39C-38D4-B9D3-75A8181B3CF9}.RelWithDebInfo|Win32.Build.0 = RelWithDebInfo|Win32
		{9A27434E-F68C-31FF-9FDB-CF154932191F}.Debug|Win32.ActiveCfg = Debug|Win32
		{9A27434E-F68C-31FF-9FDB-CF154932191F}.Debug|Win32.Build.0 = Debug|Win32
		{9A27434E-F68C-31FF-9FDB-CF154932191F}.Release|Win32.ActiveCfg = Release|Win32
		{9A27434E-F68C-31FF-9FDB-CF154932191F}.Release|Win32.Build.0 = Release|Win32
		{9A27434E-F68C-31FF-9FDB-CF154932191F}.MinSizeRel|Win32.ActiveCfg = MinSizeRel|Win32
		{9A27434E-F68C-31FF-9FDB-CF154932191F}.MinSizeRel|Win32.Build.0 = MinSizeRel|Win32
		{9A27434E-F68C-31FF-9FDB-CF154932191F}.RelWithDebInfo|Win32.ActiveCfg = RelWithDebInfo|Win32
		{9A27434E-F68C-31FF-9FDB-CF154932191F}.RelWithDebInfo|Win32.Build.0 = RelWithDebInfo|Win32
		{308DF896-9574-30C4-821B-1320799CAE45}.Debug|Win32.ActiveCfg = Debug|Win32
		{308DF896-9574-30C4-821B-1320799CAE45}.Debug|Win32.Build.0 = Debug|Win32
		{308DF896-9574-30C4-821B-1320799CAE45}.Release|Win32.ActiveCfg = Release|Win32
		{308DF896-9574-30C4-821B-1320799CAE45}.Release|Win32.Build.0 = Release|Win32
		{308DF896-9574-30C4-821B-1320799CAE45}.MinSizeRel|Win32.ActiveCfg = MinSizeRel|Win32
		{308DF896-9574-30C4-821B-1320799CAE45}.MinSizeRel|Win32.Build.0 = MinSizeRel|Win32
		{308DF896-9574-30C4-821B-1320799CAE45}.RelWithDebInfo|Win32.ActiveCfg = RelWithDebInfo|Win32
		{308DF896-9574-30C4-821B-1320799CAE45}.RelWithDebInfo|Win32.Build.0 = RelWithDebInfo|Win32
		{A11E32C2-05C8-3A56-8BD7-10A0BEFAD998}.Debug|Win32.ActiveCfg = Debug|Win32
		{A11E32C2-05C8-3A56-8BD7-10A0BEFAD998}.Debug|Win32.Build.0 = Debug|Win32
		{A11E32C2-05C8-3A56-8BD7-10A0BEFAD998}.Release|Win32.ActiveCfg = Release|Win32
		{A11E32C2-05C8-3A56-8BD7-10A0BEFAD998}.Release|Win32.Build.0 = Release|Win32
		{A11E32C2-05C8-3A56-8BD7-10A0BEFAD998}.MinSizeRel|Win32.ActiveCfg = MinSizeRel|Win32
		{A11E32C2-05C8-3A56-8BD7-10A0BEFAD998}.MinSizeRel|Win32.Build.0 = MinSizeRel|Win32
		{A11E32C2-05C8-3A56-8BD7-10A0BEFAD998}.RelWithDebInfo|Win32.ActiveCfg = RelWithDebInfo|Win32
		{A11E32C2-05C8-3A56-8BD7-10A0BEFAD998}.RelWithDebInfo|Win32.Build.0 = RelWithDebInfo|Win32
		{5998EC74-3B2C-3186-8A59-F2E14F1C826E}.Debug|Win32.ActiveCfg = Debug|Win32
		{5998EC74-3B2C-3186-8A59-F2E14F1C826E}.Debug|Win32.Build.0 = Debug|Win32
		{5998EC74-3B2C-3186-8A59-F2E14F1C826E}.Release|Win32.ActiveCfg = Release|Win32
		{5998EC74-3B2C-3186-8A59-F2E14F1C826E}.Release|Win32.Build.0 = Release|Win32
		{5998EC74-3B2C-3186-8A59-F2E14F1C826E}.MinSizeRel|Win32.ActiveCfg = MinSizeRel|Win32
		{5998EC74-3B2C-3186-8A59-F2E14F1C826E}.MinSizeRel|Win32.Build.0 = MinSizeRel|Win32
		{5998EC74-3B2C-3186-8A59-F2E14F1C826E}.RelWithDebInfo|Win32.ActiveCfg = RelWithDebInfo|Win32
		{5998EC74-3B2C-3186-8A59-F2E14F1C826E}.RelWithDebInfo|Win32.Build.0 = RelWithDebInfo|Win32
		{ABBF30A8-2D3C-3B6F-B98F-7C004D04D36C}.Debug|Win32.ActiveCfg = Debug|Win32
		{ABBF30A8-2D3C-3B6F-B98F-7C004D04D36C}.Debug|Win32.Build.0 = Debug|Win32
		{ABBF30A8-2D3C-3B6F-B98F-7C004D04D36C}.Release|Win32.ActiveCfg = Release|Win32
		{ABBF30A8-2D3C-3B6F-B98F-7C004D04D36C}.Release|Win32.Build.0 = Release|Win32
		{ABBF30A8-2D3C-3B6F-B98F-7C004D04D36C}.MinSizeRel|Win32.ActiveCfg = MinSizeRel|Win32
		{ABBF30A8-2D3C-3B6F-B98F-7C004D04D36C}.MinSizeRel|Win32.Build.0 = MinSizeRel|Win32
		{ABBF30A8-2D3C-3B6F-B98F-7C004D04D36C}.RelWithDebInfo|Win32.ActiveCfg = RelWithDebInfo|Win32
		{ABBF30A8-2D3C-3B6F-B98F-7C004D04D36C}.RelWithDebInfo|Win32.Build.0 = RelWithDebInfo|Win32
		{AEE20746-6B9C-3EF3-9284-438A3CA9E1AC}.Debug|Win32.ActiveCfg = Debug|Win32
		{AEE20746-6B9C-3EF3-9284-438A3CA9E1AC}.Debug|Win32.Build.0 = Debug|Win32
		{AEE20746-6B9C-3EF3-9284-438A3CA9E1AC}.Release|Win32.ActiveCfg = Release|Win32
		{AEE20746-6B9C-3EF3-9284-438A3CA9E1AC}.Release|Win32.Build.0 = Release|Win32
		{AEE20746-6B9C-3EF3-9284-438A3CA9E1AC}.MinSizeRel|Win32.ActiveCfg = MinSizeRel|Win32
		{AEE20746-6B9C-3EF3-9284-438A3CA9E1AC}.MinSizeRel|Win32.Build.0 = MinSizeRel|Win32
		{AEE20746-6B9C-3EF3-9284-438A3CA9E1AC}.RelWithDebInfo|Win32.ActiveCfg = RelWithDebInfo|Win32
		{AEE20746-6B9C-3EF3-9284-438A3CA9E1AC}.RelWithDebInfo|Win32.Build.0 = RelWithDebInfo|Win32
		{DC6CD32E-2D2F-391C-BCB3-7B1DE172D30C}.Debug|Win32.ActiveCfg = Debug|Win32
		{DC6CD32E-2D2F-391C-BCB3-7B1DE172D30C}.Debug|Win32.Build.0 = Debug|Win32
		{DC6CD32E-2D2F-391C-BCB3-7B1DE172D30C}.Release|Win32.ActiveCfg = Release|Win32
		{DC6CD32E-2D2F-391C-BCB3-7B1DE172D30C}.Release|Win32.Build.0 = Release|Win32
		{DC6CD32E-2D2F-391C-BCB3-7B1DE172D30C}.MinSizeRel|Win32.ActiveCfg = MinSizeRel|Win32
		{DC6CD32E-2D2F-391C-BCB3-7B1DE172D30C}.MinSizeRel|Win32.Build.0 = MinSizeRel|Win32
		{DC6CD32E-2D2F-391C-BCB3-7B1DE172D30C}.RelWithDebInfo|Win32.ActiveCfg = RelWithDebInfo|Win32
		{DC6CD32E-2D2F-391C-BCB3-7B1DE172D30C}.RelWithDebInfo|Win32.Build.0 = RelWithDebInfo|Win32
	EndGlobalSection
	GlobalSection(ExtensibilityGlobals) = postSolution
		SolutionGuid = {D940F393-4711-3774-81C0-811184A1E619}
	EndGlobalSection
	GlobalSection(ExtensibilityAddIns) = postSolution
	EndGlobalSection
EndGlobal
